
Microsoft Visual Studio Solution File, Format Version 12.00
# Visual Studio Version 17
VisualStudioVersion = 17.0.31903.59
MinimumVisualStudioVersion = 10.0.40219.1
Project("{9A19103F-16F7-4668-BE54-9A1E7A4F7556}") = "StorageStrategy.API", "StorageStrategy.API\StorageStrategy.API.csproj", "{8E3F3F46-B40C-49F5-845D-6809CC95E290}"
EndProject
Project("{9A19103F-16F7-4668-BE54-9A1E7A4F7556}") = "StorageStrategy.Data", "StorageStrategy.Data\StorageStrategy.Data.csproj", "{D1541A06-7979-453D-AA5B-AC734D495722}"
EndProject
Project("{9A19103F-16F7-4668-BE54-9A1E7A4F7556}") = "StorageStrategy.Domain", "StorageStrategy.Domain\StorageStrategy.Domain.csproj", "{23D33BA4-C5AF-4180-9757-2062A8D5C8A2}"
EndProject
Project("{9A19103F-16F7-4668-BE54-9A1E7A4F7556}") = "StorageStrategy.Models", "StorageStrategy.Models\StorageStrategy.Models.csproj", "{78F59B9B-E62C-4C48-9098-EF20C7C2F9E4}"
EndProject
Project("{9A19103F-16F7-4668-BE54-9A1E7A4F7556}") = "StorageStrategy.Tests", "StorageStrategy.Tests\StorageStrategy.Tests.csproj", "{11AC6C8B-1B42-443C-9524-B868462FFD6D}"
EndProject
Project("{9A19103F-16F7-4668-BE54-9A1E7A4F7556}") = "StorageStrategy.Utils", "StorageStrategy.Utils\StorageStrategy.Utils.csproj", "{1FB3B8A3-D1F5-455A-8E72-63634DB3135B}"
EndProject
Global
	GlobalSection(SolutionConfigurationPlatforms) = preSolution
		Debug|Any CPU = Debug|Any CPU
		Release|Any CPU = Release|Any CPU
	EndGlobalSection
	GlobalSection(ProjectConfigurationPlatforms) = postSolution
		{8E3F3F46-B40C-49F5-845D-6809CC95E290}.Debug|Any CPU.ActiveCfg = Debug|Any CPU
		{8E3F3F46-B40C-49F5-845D-6809CC95E290}.Debug|Any CPU.Build.0 = Debug|Any CPU
		{8E3F3F46-B40C-49F5-845D-6809CC95E290}.Release|Any CPU.ActiveCfg = Release|Any CPU
		{8E3F3F46-B40C-49F5-845D-6809CC95E290}.Release|Any CPU.Build.0 = Release|Any CPU
		{D1541A06-7979-453D-AA5B-AC734D495722}.Debug|Any CPU.ActiveCfg = Debug|Any CPU
		{D1541A06-7979-453D-AA5B-AC734D495722}.Debug|Any CPU.Build.0 = Debug|Any CPU
		{D1541A06-7979-453D-AA5B-AC734D495722}.Release|Any CPU.ActiveCfg = Release|Any CPU
		{D1541A06-7979-453D-AA5B-AC734D495722}.Release|Any CPU.Build.0 = Release|Any CPU
		{23D33BA4-C5AF-4180-9757-2062A8D5C8A2}.Debug|Any CPU.ActiveCfg = Debug|Any CPU
		{23D33BA4-C5AF-4180-9757-2062A8D5C8A2}.Debug|Any CPU.Build.0 = Debug|Any CPU
		{23D33BA4-C5AF-4180-9757-2062A8D5C8A2}.Release|Any CPU.ActiveCfg = Release|Any CPU
		{23D33BA4-C5AF-4180-9757-2062A8D5C8A2}.Release|Any CPU.Build.0 = Release|Any CPU
		{78F59B9B-E62C-4C48-9098-EF20C7C2F9E4}.Debug|Any CPU.ActiveCfg = Debug|Any CPU
		{78F59B9B-E62C-4C48-9098-EF20C7C2F9E4}.Debug|Any CPU.Build.0 = Debug|Any CPU
		{78F59B9B-E62C-4C48-9098-EF20C7C2F9E4}.Release|Any CPU.ActiveCfg = Release|Any CPU
		{78F59B9B-E62C-4C48-9098-EF20C7C2F9E4}.Release|Any CPU.Build.0 = Release|Any CPU
		{11AC6C8B-1B42-443C-9524-B868462FFD6D}.Debug|Any CPU.ActiveCfg = Debug|Any CPU
		{11AC6C8B-1B42-443C-9524-B868462FFD6D}.Debug|Any CPU.Build.0 = Debug|Any CPU
		{11AC6C8B-1B42-443C-9524-B868462FFD6D}.Release|Any CPU.ActiveCfg = Release|Any CPU
		{11AC6C8B-1B42-443C-9524-B868462FFD6D}.Release|Any CPU.Build.0 = Release|Any CPU
		{1FB3B8A3-D1F5-455A-8E72-63634DB3135B}.Debug|Any CPU.ActiveCfg = Debug|Any CPU
		{1FB3B8A3-D1F5-455A-8E72-63634DB3135B}.Debug|Any CPU.Build.0 = Debug|Any CPU
		{1FB3B8A3-D1F5-455A-8E72-63634DB3135B}.Release|Any CPU.ActiveCfg = Release|Any CPU
		{1FB3B8A3-D1F5-455A-8E72-63634DB3135B}.Release|Any CPU.Build.0 = Release|Any CPU
	EndGlobalSection
	GlobalSection(SolutionProperties) = preSolution
		HideSolutionNode = FALSE
	EndGlobalSection
	GlobalSection(ExtensibilityGlobals) = postSolution
		SolutionGuid = {1D7F1BDD-4EE9-4C97-8C58-74F9B585BD4D}
	EndGlobalSection
EndGlobal
